
Microsoft Visual Studio Solution File, Format Version 12.00
# Visual Studio Version 17
VisualStudioVersion = 17.13.35825.156
MinimumVisualStudioVersion = 10.0.40219.1
Project("{FAE04EC0-301F-11D3-BF4B-00C04F79EFBC}") = "ChemicalCompoundHelperTests", "ChemicalCompoundHelperTests.csproj", "{52961A44-B509-4CA4-1478-23BEAC8E93B3}"
EndProject
Project("{FAE04EC0-301F-11D3-BF4B-00C04F79EFBC}") = "ChemicalCompoundHelper", "..\ChemicalCompoundHelper\ChemicalCompoundHelper.csproj", "{95828AE9-7D41-FA17-0794-8CEC6B703982}"
EndProject
Global
	GlobalSection(SolutionConfigurationPlatforms) = preSolution
		Debug|Any CPU = Debug|Any CPU
		Release|Any CPU = Release|Any CPU
	EndGlobalSection
	GlobalSection(ProjectConfigurationPlatforms) = postSolution
		{52961A44-B509-4CA4-1478-23BEAC8E93B3}.Debug|Any CPU.ActiveCfg = Debug|Any CPU
		{52961A44-B509-4CA4-1478-23BEAC8E93B3}.Debug|Any CPU.Build.0 = Debug|Any CPU
		{52961A44-B509-4CA4-1478-23BEAC8E93B3}.Release|Any CPU.ActiveCfg = Release|Any CPU
		{52961A44-B509-4CA4-1478-23BEAC8E93B3}.Release|Any CPU.Build.0 = Release|Any CPU
		{95828AE9-7D41-FA17-0794-8CEC6B703982}.Debug|Any CPU.ActiveCfg = Debug|Any CPU
		{95828AE9-7D41-FA17-0794-8CEC6B703982}.Debug|Any CPU.Build.0 = Debug|Any CPU
		{95828AE9-7D41-FA17-0794-8CEC6B703982}.Release|Any CPU.ActiveCfg = Release|Any CPU
		{95828AE9-7D41-FA17-0794-8CEC6B703982}.Release|Any CPU.Build.0 = Release|Any CPU
	EndGlobalSection
	GlobalSection(SolutionProperties) = preSolution
		HideSolutionNode = FALSE
	EndGlobalSection
	GlobalSection(ExtensibilityGlobals) = postSolution
		SolutionGuid = {4E0917BF-1E52-44ED-A649-BAE4A3CA3DA3}
	EndGlobalSection
EndGlobal
